
Microsoft Visual Studio Solution File, Format Version 12.00
# Visual Studio Version 17
VisualStudioVersion = 17.3.32825.248
MinimumVisualStudioVersion = 10.0.40219.1
Project("{FAE04EC0-301F-11D3-BF4B-00C04F79EFBC}") = "array_patika_dev", "array_patika_dev\array_patika_dev.csproj", "{11DCE46F-2AEA-4B5F-A7DA-F201ADA2D912}"
EndProject
Global
	GlobalSection(SolutionConfigurationPlatforms) = preSolution
		Debug|Any CPU = Debug|Any CPU
		Release|Any CPU = Release|Any CPU
	EndGlobalSection
	GlobalSection(ProjectConfigurationPlatforms) = postSolution
		{11DCE46F-2AEA-4B5F-A7DA-F201ADA2D912}.Debug|Any CPU.ActiveCfg = Debug|Any CPU
		{11DCE46F-2AEA-4B5F-A7DA-F201ADA2D912}.Debug|Any CPU.Build.0 = Debug|Any CPU
		{11DCE46F-2AEA-4B5F-A7DA-F201ADA2D912}.Release|Any CPU.ActiveCfg = Release|Any CPU
		{11DCE46F-2AEA-4B5F-A7DA-F201ADA2D912}.Release|Any CPU.Build.0 = Release|Any CPU
	EndGlobalSection
	GlobalSection(SolutionProperties) = preSolution
		HideSolutionNode = FALSE
	EndGlobalSection
	GlobalSection(ExtensibilityGlobals) = postSolution
		SolutionGuid = {C143D579-F83F-4B84-8048-2F3CF74A8852}
	EndGlobalSection
EndGlobal
